{
    "_meta": {
        "hash": {
            "sha256": "622430842ee3cac25be089c2768e03ce37d1d9d308ad71dcd46239afa93456fc"
        },
        "pipfile-spec": 6,
        "requires": {
            "python_version": "3.7"
        },
        "sources": [
            {
                "name": "pypi",
                "url": "https://pypi.org/simple",
                "verify_ssl": true
            }
        ]
    },
    "default": {
        "example": {
            "editable": true,
            "path": "."
        }
    },
    "develop": {}
}
